
Microsoft Visual Studio Solution File, Format Version 12.00
# Visual Studio Version 17
VisualStudioVersion = 17.4.33213.308
MinimumVisualStudioVersion = 10.0.40219.1
Project("{9A19103F-16F7-4668-BE54-9A1E7A4F7556}") = "Entities", "Entities\Entities.csproj", "{7C3B5134-AB8B-49D8-9D6E-E7C7A834BFEE}"
EndProject
Project("{9A19103F-16F7-4668-BE54-9A1E7A4F7556}") = "DataAccess", "DataAccess\DataAccess.csproj", "{CAC1B97F-C1FC-477B-9843-98C84D9AFB73}"
EndProject
Project("{9A19103F-16F7-4668-BE54-9A1E7A4F7556}") = "Core", "Core\Core.csproj", "{4BE4BD4E-E26B-4526-9A87-24C33951F02F}"
EndProject
Project("{9A19103F-16F7-4668-BE54-9A1E7A4F7556}") = "Business", "Business\Business.csproj", "{D993CF9E-F562-4447-86B2-DF34CEE5F33A}"
EndProject
Project("{FAE04EC0-301F-11D3-BF4B-00C04F79EFBC}") = "API", "API\API.csproj", "{CE358C11-1A28-4E39-BD84-0CAE52B9D242}"
EndProject
Global
	GlobalSection(SolutionConfigurationPlatforms) = preSolution
		Debug|Any CPU = Debug|Any CPU
		Release|Any CPU = Release|Any CPU
	EndGlobalSection
	GlobalSection(ProjectConfigurationPlatforms) = postSolution
		{7C3B5134-AB8B-49D8-9D6E-E7C7A834BFEE}.Debug|Any CPU.ActiveCfg = Debug|Any CPU
		{7C3B5134-AB8B-49D8-9D6E-E7C7A834BFEE}.Debug|Any CPU.Build.0 = Debug|Any CPU
		{7C3B5134-AB8B-49D8-9D6E-E7C7A834BFEE}.Release|Any CPU.ActiveCfg = Release|Any CPU
		{7C3B5134-AB8B-49D8-9D6E-E7C7A834BFEE}.Release|Any CPU.Build.0 = Release|Any CPU
		{CAC1B97F-C1FC-477B-9843-98C84D9AFB73}.Debug|Any CPU.ActiveCfg = Debug|Any CPU
		{CAC1B97F-C1FC-477B-9843-98C84D9AFB73}.Debug|Any CPU.Build.0 = Debug|Any CPU
		{CAC1B97F-C1FC-477B-9843-98C84D9AFB73}.Release|Any CPU.ActiveCfg = Release|Any CPU
		{CAC1B97F-C1FC-477B-9843-98C84D9AFB73}.Release|Any CPU.Build.0 = Release|Any CPU
		{4BE4BD4E-E26B-4526-9A87-24C33951F02F}.Debug|Any CPU.ActiveCfg = Debug|Any CPU
		{4BE4BD4E-E26B-4526-9A87-24C33951F02F}.Debug|Any CPU.Build.0 = Debug|Any CPU
		{4BE4BD4E-E26B-4526-9A87-24C33951F02F}.Release|Any CPU.ActiveCfg = Release|Any CPU
		{4BE4BD4E-E26B-4526-9A87-24C33951F02F}.Release|Any CPU.Build.0 = Release|Any CPU
		{D993CF9E-F562-4447-86B2-DF34CEE5F33A}.Debug|Any CPU.ActiveCfg = Debug|Any CPU
		{D993CF9E-F562-4447-86B2-DF34CEE5F33A}.Debug|Any CPU.Build.0 = Debug|Any CPU
		{D993CF9E-F562-4447-86B2-DF34CEE5F33A}.Release|Any CPU.ActiveCfg = Release|Any CPU
		{D993CF9E-F562-4447-86B2-DF34CEE5F33A}.Release|Any CPU.Build.0 = Release|Any CPU
		{CE358C11-1A28-4E39-BD84-0CAE52B9D242}.Debug|Any CPU.ActiveCfg = Debug|Any CPU
		{CE358C11-1A28-4E39-BD84-0CAE52B9D242}.Debug|Any CPU.Build.0 = Debug|Any CPU
		{CE358C11-1A28-4E39-BD84-0CAE52B9D242}.Release|Any CPU.ActiveCfg = Release|Any CPU
		{CE358C11-1A28-4E39-BD84-0CAE52B9D242}.Release|Any CPU.Build.0 = Release|Any CPU
	EndGlobalSection
	GlobalSection(SolutionProperties) = preSolution
		HideSolutionNode = FALSE
	EndGlobalSection
	GlobalSection(ExtensibilityGlobals) = postSolution
		SolutionGuid = {F3E172D2-4876-476B-8BE5-412262FB01AC}
	EndGlobalSection
EndGlobal
